
Microsoft Visual Studio Solution File, Format Version 12.00
# Visual Studio Version 17
VisualStudioVersion = 17.0.31903.59
MinimumVisualStudioVersion = 10.0.40219.1
Project("{2150E333-8FDC-42A3-9474-1A3956D46DE8}") = "src", "src", "{827E0CD3-B72D-47B6-A68D-7590B98EB39B}"
EndProject
Project("{FAE04EC0-301F-11D3-BF4B-00C04F79EFBC}") = "PixelVoxel.App", "src\PixelVoxel.App\PixelVoxel.App.csproj", "{F27DBC4F-E839-47CD-A956-72D5E8AF246B}"
EndProject
Project("{FAE04EC0-301F-11D3-BF4B-00C04F79EFBC}") = "PixelVoxel.Core", "src\PixelVoxel.Core\PixelVoxel.Core.csproj", "{184C0446-B324-46DF-881F-8128EAD1F3A0}"
EndProject
Project("{FAE04EC0-301F-11D3-BF4B-00C04F79EFBC}") = "PixelVoxel.Rendering", "src\PixelVoxel.Rendering\PixelVoxel.Rendering.csproj", "{281D7A94-416B-4C29-A995-5AF4C47AF024}"
EndProject
Project("{FAE04EC0-301F-11D3-BF4B-00C04F79EFBC}") = "PixelVoxel.Imaging", "src\PixelVoxel.Imaging\PixelVoxel.Imaging.csproj", "{BF8AA8D5-644D-481F-B076-D0558841E036}"
EndProject
Project("{FAE04EC0-301F-11D3-BF4B-00C04F79EFBC}") = "PixelVoxel.Export", "src\PixelVoxel.Export\PixelVoxel.Export.csproj", "{D1EA2329-B7FA-4A89-8A89-8C5731649674}"
EndProject
Project("{FAE04EC0-301F-11D3-BF4B-00C04F79EFBC}") = "PixelVoxel.Cli", "src\PixelVoxel.Cli\PixelVoxel.Cli.csproj", "{34F048C9-6719-435F-B2D9-98EC353AF60A}"
EndProject
Project("{2150E333-8FDC-42A3-9474-1A3956D46DE8}") = "tests", "tests", "{0AB3BF05-4346-4AA6-1389-037BE0695223}"
EndProject
Project("{FAE04EC0-301F-11D3-BF4B-00C04F79EFBC}") = "PixelVoxel.Core.Tests", "tests\PixelVoxel.Core.Tests\PixelVoxel.Core.Tests.csproj", "{FB917AA0-F4C3-437C-99C1-15F7C5E19917}"
EndProject
Project("{FAE04EC0-301F-11D3-BF4B-00C04F79EFBC}") = "PixelVoxel.Rendering.Tests", "tests\PixelVoxel.Rendering.Tests\PixelVoxel.Rendering.Tests.csproj", "{042C6DAB-BEC6-4264-9651-638D940D8294}"
EndProject
Project("{FAE04EC0-301F-11D3-BF4B-00C04F79EFBC}") = "PixelVoxel.Imaging.Tests", "tests\PixelVoxel.Imaging.Tests\PixelVoxel.Imaging.Tests.csproj", "{4197EF94-0C45-441D-9CB3-5DC732845543}"
EndProject
Project("{FAE04EC0-301F-11D3-BF4B-00C04F79EFBC}") = "PixelVoxel.GoldenTests", "tests\PixelVoxel.GoldenTests\PixelVoxel.GoldenTests.csproj", "{E72636CF-B731-4EEB-BB4F-3D5BCCF5043C}"
EndProject
Project("{FAE04EC0-301F-11D3-BF4B-00C04F79EFBC}") = "PixelVoxel.App.Tests", "tests\PixelVoxel.App.Tests\PixelVoxel.App.Tests.csproj", "{03EB5965-75B1-4B51-A832-6E686B0D6E36}"
EndProject
Global
	GlobalSection(SolutionConfigurationPlatforms) = preSolution
		Debug|Any CPU = Debug|Any CPU
		Debug|x64 = Debug|x64
		Debug|x86 = Debug|x86
		Release|Any CPU = Release|Any CPU
		Release|x64 = Release|x64
		Release|x86 = Release|x86
	EndGlobalSection
	GlobalSection(ProjectConfigurationPlatforms) = postSolution
		{F27DBC4F-E839-47CD-A956-72D5E8AF246B}.Debug|Any CPU.ActiveCfg = Debug|Any CPU
		{F27DBC4F-E839-47CD-A956-72D5E8AF246B}.Debug|Any CPU.Build.0 = Debug|Any CPU
		{F27DBC4F-E839-47CD-A956-72D5E8AF246B}.Debug|x64.ActiveCfg = Debug|Any CPU
		{F27DBC4F-E839-47CD-A956-72D5E8AF246B}.Debug|x64.Build.0 = Debug|Any CPU
		{F27DBC4F-E839-47CD-A956-72D5E8AF246B}.Debug|x86.ActiveCfg = Debug|Any CPU
		{F27DBC4F-E839-47CD-A956-72D5E8AF246B}.Debug|x86.Build.0 = Debug|Any CPU
		{F27DBC4F-E839-47CD-A956-72D5E8AF246B}.Release|Any CPU.ActiveCfg = Release|Any CPU
		{F27DBC4F-E839-47CD-A956-72D5E8AF246B}.Release|Any CPU.Build.0 = Release|Any CPU
		{F27DBC4F-E839-47CD-A956-72D5E8AF246B}.Release|x64.ActiveCfg = Release|Any CPU
		{F27DBC4F-E839-47CD-A956-72D5E8AF246B}.Release|x64.Build.0 = Release|Any CPU
		{F27DBC4F-E839-47CD-A956-72D5E8AF246B}.Release|x86.ActiveCfg = Release|Any CPU
		{F27DBC4F-E839-47CD-A956-72D5E8AF246B}.Release|x86.Build.0 = Release|Any CPU
		{184C0446-B324-46DF-881F-8128EAD1F3A0}.Debug|Any CPU.ActiveCfg = Debug|Any CPU
		{184C0446-B324-46DF-881F-8128EAD1F3A0}.Debug|Any CPU.Build.0 = Debug|Any CPU
		{184C0446-B324-46DF-881F-8128EAD1F3A0}.Debug|x64.ActiveCfg = Debug|Any CPU
		{184C0446-B324-46DF-881F-8128EAD1F3A0}.Debug|x64.Build.0 = Debug|Any CPU
		{184C0446-B324-46DF-881F-8128EAD1F3A0}.Debug|x86.ActiveCfg = Debug|Any CPU
		{184C0446-B324-46DF-881F-8128EAD1F3A0}.Debug|x86.Build.0 = Debug|Any CPU
		{184C0446-B324-46DF-881F-8128EAD1F3A0}.Release|Any CPU.ActiveCfg = Release|Any CPU
		{184C0446-B324-46DF-881F-8128EAD1F3A0}.Release|Any CPU.Build.0 = Release|Any CPU
		{184C0446-B324-46DF-881F-8128EAD1F3A0}.Release|x64.ActiveCfg = Release|Any CPU
		{184C0446-B324-46DF-881F-8128EAD1F3A0}.Release|x64.Build.0 = Release|Any CPU
		{184C0446-B324-46DF-881F-8128EAD1F3A0}.Release|x86.ActiveCfg = Release|Any CPU
		{184C0446-B324-46DF-881F-8128EAD1F3A0}.Release|x86.Build.0 = Release|Any CPU
		{281D7A94-416B-4C29-A995-5AF4C47AF024}.Debug|Any CPU.ActiveCfg = Debug|Any CPU
		{281D7A94-416B-4C29-A995-5AF4C47AF024}.Debug|Any CPU.Build.0 = Debug|Any CPU
		{281D7A94-416B-4C29-A995-5AF4C47AF024}.Debug|x64.ActiveCfg = Debug|Any CPU
		{281D7A94-416B-4C29-A995-5AF4C47AF024}.Debug|x64.Build.0 = Debug|Any CPU
		{281D7A94-416B-4C29-A995-5AF4C47AF024}.Debug|x86.ActiveCfg = Debug|Any CPU
		{281D7A94-416B-4C29-A995-5AF4C47AF024}.Debug|x86.Build.0 = Debug|Any CPU
		{281D7A94-416B-4C29-A995-5AF4C47AF024}.Release|Any CPU.ActiveCfg = Release|Any CPU
		{281D7A94-416B-4C29-A995-5AF4C47AF024}.Release|Any CPU.Build.0 = Release|Any CPU
		{281D7A94-416B-4C29-A995-5AF4C47AF024}.Release|x64.ActiveCfg = Release|Any CPU
		{281D7A94-416B-4C29-A995-5AF4C47AF024}.Release|x64.Build.0 = Release|Any CPU
		{281D7A94-416B-4C29-A995-5AF4C47AF024}.Release|x86.ActiveCfg = Release|Any CPU
		{281D7A94-416B-4C29-A995-5AF4C47AF024}.Release|x86.Build.0 = Release|Any CPU
		{BF8AA8D5-644D-481F-B076-D0558841E036}.Debug|Any CPU.ActiveCfg = Debug|Any CPU
		{BF8AA8D5-644D-481F-B076-D0558841E036}.Debug|Any CPU.Build.0 = Debug|Any CPU
		{BF8AA8D5-644D-481F-B076-D0558841E036}.Debug|x64.ActiveCfg = Debug|Any CPU
		{BF8AA8D5-644D-481F-B076-D0558841E036}.Debug|x64.Build.0 = Debug|Any CPU
		{BF8AA8D5-644D-481F-B076-D0558841E036}.Debug|x86.ActiveCfg = Debug|Any CPU
		{BF8AA8D5-644D-481F-B076-D0558841E036}.Debug|x86.Build.0 = Debug|Any CPU
		{BF8AA8D5-644D-481F-B076-D0558841E036}.Release|Any CPU.ActiveCfg = Release|Any CPU
		{BF8AA8D5-644D-481F-B076-D0558841E036}.Release|Any CPU.Build.0 = Release|Any CPU
		{BF8AA8D5-644D-481F-B076-D0558841E036}.Release|x64.ActiveCfg = Release|Any CPU
		{BF8AA8D5-644D-481F-B076-D0558841E036}.Release|x64.Build.0 = Release|Any CPU
		{BF8AA8D5-644D-481F-B076-D0558841E036}.Release|x86.ActiveCfg = Release|Any CPU
		{BF8AA8D5-644D-481F-B076-D0558841E036}.Release|x86.Build.0 = Release|Any CPU
		{D1EA2329-B7FA-4A89-8A89-8C5731649674}.Debug|Any CPU.ActiveCfg = Debug|Any CPU
		{D1EA2329-B7FA-4A89-8A89-8C5731649674}.Debug|Any CPU.Build.0 = Debug|Any CPU
		{D1EA2329-B7FA-4A89-8A89-8C5731649674}.Debug|x64.ActiveCfg = Debug|Any CPU
		{D1EA2329-B7FA-4A89-8A89-8C5731649674}.Debug|x64.Build.0 = Debug|Any CPU
		{D1EA2329-B7FA-4A89-8A89-8C5731649674}.Debug|x86.ActiveCfg = Debug|Any CPU
		{D1EA2329-B7FA-4A89-8A89-8C5731649674}.Debug|x86.Build.0 = Debug|Any CPU
		{D1EA2329-B7FA-4A89-8A89-8C5731649674}.Release|Any CPU.ActiveCfg = Release|Any CPU
		{D1EA2329-B7FA-4A89-8A89-8C5731649674}.Release|Any CPU.Build.0 = Release|Any CPU
		{D1EA2329-B7FA-4A89-8A89-8C5731649674}.Release|x64.ActiveCfg = Release|Any CPU
		{D1EA2329-B7FA-4A89-8A89-8C5731649674}.Release|x64.Build.0 = Release|Any CPU
		{D1EA2329-B7FA-4A89-8A89-8C5731649674}.Release|x86.ActiveCfg = Release|Any CPU
		{D1EA2329-B7FA-4A89-8A89-8C5731649674}.Release|x86.Build.0 = Release|Any CPU
		{34F048C9-6719-435F-B2D9-98EC353AF60A}.Debug|Any CPU.ActiveCfg = Debug|Any CPU
		{34F048C9-6719-435F-B2D9-98EC353AF60A}.Debug|Any CPU.Build.0 = Debug|Any CPU
		{34F048C9-6719-435F-B2D9-98EC353AF60A}.Debug|x64.ActiveCfg = Debug|Any CPU
		{34F048C9-6719-435F-B2D9-98EC353AF60A}.Debug|x64.Build.0 = Debug|Any CPU
		{34F048C9-6719-435F-B2D9-98EC353AF60A}.Debug|x86.ActiveCfg = Debug|Any CPU
		{34F048C9-6719-435F-B2D9-98EC353AF60A}.Debug|x86.Build.0 = Debug|Any CPU
		{34F048C9-6719-435F-B2D9-98EC353AF60A}.Release|Any CPU.ActiveCfg = Release|Any CPU
		{34F048C9-6719-435F-B2D9-98EC353AF60A}.Release|Any CPU.Build.0 = Release|Any CPU
		{34F048C9-6719-435F-B2D9-98EC353AF60A}.Release|x64.ActiveCfg = Release|Any CPU
		{34F048C9-6719-435F-B2D9-98EC353AF60A}.Release|x64.Build.0 = Release|Any CPU
		{34F048C9-6719-435F-B2D9-98EC353AF60A}.Release|x86.ActiveCfg = Release|Any CPU
		{34F048C9-6719-435F-B2D9-98EC353AF60A}.Release|x86.Build.0 = Release|Any CPU
		{FB917AA0-F4C3-437C-99C1-15F7C5E19917}.Debug|Any CPU.ActiveCfg = Debug|Any CPU
		{FB917AA0-F4C3-437C-99C1-15F7C5E19917}.Debug|Any CPU.Build.0 = Debug|Any CPU
		{FB917AA0-F4C3-437C-99C1-15F7C5E19917}.Debug|x64.ActiveCfg = Debug|Any CPU
		{FB917AA0-F4C3-437C-99C1-15F7C5E19917}.Debug|x64.Build.0 = Debug|Any CPU
		{FB917AA0-F4C3-437C-99C1-15F7C5E19917}.Debug|x86.ActiveCfg = Debug|Any CPU
		{FB917AA0-F4C3-437C-99C1-15F7C5E19917}.Debug|x86.Build.0 = Debug|Any CPU
		{FB917AA0-F4C3-437C-99C1-15F7C5E19917}.Release|Any CPU.ActiveCfg = Release|Any CPU
		{FB917AA0-F4C3-437C-99C1-15F7C5E19917}.Release|Any CPU.Build.0 = Release|Any CPU
		{FB917AA0-F4C3-437C-99C1-15F7C5E19917}.Release|x64.ActiveCfg = Release|Any CPU
		{FB917AA0-F4C3-437C-99C1-15F7C5E19917}.Release|x64.Build.0 = Release|Any CPU
		{FB917AA0-F4C3-437C-99C1-15F7C5E19917}.Release|x86.ActiveCfg = Release|Any CPU
		{FB917AA0-F4C3-437C-99C1-15F7C5E19917}.Release|x86.Build.0 = Release|Any CPU
		{042C6DAB-BEC6-4264-9651-638D940D8294}.Debug|Any CPU.ActiveCfg = Debug|Any CPU
		{042C6DAB-BEC6-4264-9651-638D940D8294}.Debug|Any CPU.Build.0 = Debug|Any CPU
		{042C6DAB-BEC6-4264-9651-638D940D8294}.Debug|x64.ActiveCfg = Debug|Any CPU
		{042C6DAB-BEC6-4264-9651-638D940D8294}.Debug|x64.Build.0 = Debug|Any CPU
		{042C6DAB-BEC6-4264-9651-638D940D8294}.Debug|x86.ActiveCfg = Debug|Any CPU
		{042C6DAB-BEC6-4264-9651-638D940D8294}.Debug|x86.Build.0 = Debug|Any CPU
		{042C6DAB-BEC6-4264-9651-638D940D8294}.Release|Any CPU.ActiveCfg = Release|Any CPU
		{042C6DAB-BEC6-4264-9651-638D940D8294}.Release|Any CPU.Build.0 = Release|Any CPU
		{042C6DAB-BEC6-4264-9651-638D940D8294}.Release|x64.ActiveCfg = Release|Any CPU
		{042C6DAB-BEC6-4264-9651-638D940D8294}.Release|x64.Build.0 = Release|Any CPU
		{042C6DAB-BEC6-4264-9651-638D940D8294}.Release|x86.ActiveCfg = Release|Any CPU
		{042C6DAB-BEC6-4264-9651-638D940D8294}.Release|x86.Build.0 = Release|Any CPU
		{4197EF94-0C45-441D-9CB3-5DC732845543}.Debug|Any CPU.ActiveCfg = Debug|Any CPU
		{4197EF94-0C45-441D-9CB3-5DC732845543}.Debug|Any CPU.Build.0 = Debug|Any CPU
		{4197EF94-0C45-441D-9CB3-5DC732845543}.Debug|x64.ActiveCfg = Debug|Any CPU
		{4197EF94-0C45-441D-9CB3-5DC732845543}.Debug|x64.Build.0 = Debug|Any CPU
		{4197EF94-0C45-441D-9CB3-5DC732845543}.Debug|x86.ActiveCfg = Debug|Any CPU
		{4197EF94-0C45-441D-9CB3-5DC732845543}.Debug|x86.Build.0 = Debug|Any CPU
		{4197EF94-0C45-441D-9CB3-5DC732845543}.Release|Any CPU.ActiveCfg = Release|Any CPU
		{4197EF94-0C45-441D-9CB3-5DC732845543}.Release|Any CPU.Build.0 = Release|Any CPU
		{4197EF94-0C45-441D-9CB3-5DC732845543}.Release|x64.ActiveCfg = Release|Any CPU
		{4197EF94-0C45-441D-9CB3-5DC732845543}.Release|x64.Build.0 = Release|Any CPU
		{4197EF94-0C45-441D-9CB3-5DC732845543}.Release|x86.ActiveCfg = Release|Any CPU
		{4197EF94-0C45-441D-9CB3-5DC732845543}.Release|x86.Build.0 = Release|Any CPU
		{E72636CF-B731-4EEB-BB4F-3D5BCCF5043C}.Debug|Any CPU.ActiveCfg = Debug|Any CPU
		{E72636CF-B731-4EEB-BB4F-3D5BCCF5043C}.Debug|Any CPU.Build.0 = Debug|Any CPU
		{E72636CF-B731-4EEB-BB4F-3D5BCCF5043C}.Debug|x64.ActiveCfg = Debug|Any CPU
		{E72636CF-B731-4EEB-BB4F-3D5BCCF5043C}.Debug|x64.Build.0 = Debug|Any CPU
		{E72636CF-B731-4EEB-BB4F-3D5BCCF5043C}.Debug|x86.ActiveCfg = Debug|Any CPU
		{E72636CF-B731-4EEB-BB4F-3D5BCCF5043C}.Debug|x86.Build.0 = Debug|Any CPU
		{E72636CF-B731-4EEB-BB4F-3D5BCCF5043C}.Release|Any CPU.ActiveCfg = Release|Any CPU
		{E72636CF-B731-4EEB-BB4F-3D5BCCF5043C}.Release|Any CPU.Build.0 = Release|Any CPU
		{E72636CF-B731-4EEB-BB4F-3D5BCCF5043C}.Release|x64.ActiveCfg = Release|Any CPU
		{E72636CF-B731-4EEB-BB4F-3D5BCCF5043C}.Release|x64.Build.0 = Release|Any CPU
		{E72636CF-B731-4EEB-BB4F-3D5BCCF5043C}.Release|x86.ActiveCfg = Release|Any CPU
		{E72636CF-B731-4EEB-BB4F-3D5BCCF5043C}.Release|x86.Build.0 = Release|Any CPU
		{03EB5965-75B1-4B51-A832-6E686B0D6E36}.Debug|Any CPU.ActiveCfg = Debug|Any CPU
		{03EB5965-75B1-4B51-A832-6E686B0D6E36}.Debug|Any CPU.Build.0 = Debug|Any CPU
		{03EB5965-75B1-4B51-A832-6E686B0D6E36}.Debug|x64.ActiveCfg = Debug|Any CPU
		{03EB5965-75B1-4B51-A832-6E686B0D6E36}.Debug|x64.Build.0 = Debug|Any CPU
		{03EB5965-75B1-4B51-A832-6E686B0D6E36}.Debug|x86.ActiveCfg = Debug|Any CPU
		{03EB5965-75B1-4B51-A832-6E686B0D6E36}.Debug|x86.Build.0 = Debug|Any CPU
		{03EB5965-75B1-4B51-A832-6E686B0D6E36}.Release|Any CPU.ActiveCfg = Release|Any CPU
		{03EB5965-75B1-4B51-A832-6E686B0D6E36}.Release|Any CPU.Build.0 = Release|Any CPU
		{03EB5965-75B1-4B51-A832-6E686B0D6E36}.Release|x64.ActiveCfg = Release|Any CPU
		{03EB5965-75B1-4B51-A832-6E686B0D6E36}.Release|x64.Build.0 = Release|Any CPU
		{03EB5965-75B1-4B51-A832-6E686B0D6E36}.Release|x86.ActiveCfg = Release|Any CPU
		{03EB5965-75B1-4B51-A832-6E686B0D6E36}.Release|x86.Build.0 = Release|Any CPU
	EndGlobalSection
	GlobalSection(SolutionProperties) = preSolution
		HideSolutionNode = FALSE
	EndGlobalSection
	GlobalSection(NestedProjects) = preSolution
		{F27DBC4F-E839-47CD-A956-72D5E8AF246B} = {827E0CD3-B72D-47B6-A68D-7590B98EB39B}
		{184C0446-B324-46DF-881F-8128EAD1F3A0} = {827E0CD3-B72D-47B6-A68D-7590B98EB39B}
		{281D7A94-416B-4C29-A995-5AF4C47AF024} = {827E0CD3-B72D-47B6-A68D-7590B98EB39B}
		{BF8AA8D5-644D-481F-B076-D0558841E036} = {827E0CD3-B72D-47B6-A68D-7590B98EB39B}
		{D1EA2329-B7FA-4A89-8A89-8C5731649674} = {827E0CD3-B72D-47B6-A68D-7590B98EB39B}
		{34F048C9-6719-435F-B2D9-98EC353AF60A} = {827E0CD3-B72D-47B6-A68D-7590B98EB39B}
		{FB917AA0-F4C3-437C-99C1-15F7C5E19917} = {0AB3BF05-4346-4AA6-1389-037BE0695223}
		{042C6DAB-BEC6-4264-9651-638D940D8294} = {0AB3BF05-4346-4AA6-1389-037BE0695223}
		{4197EF94-0C45-441D-9CB3-5DC732845543} = {0AB3BF05-4346-4AA6-1389-037BE0695223}
		{E72636CF-B731-4EEB-BB4F-3D5BCCF5043C} = {0AB3BF05-4346-4AA6-1389-037BE0695223}
		{03EB5965-75B1-4B51-A832-6E686B0D6E36} = {0AB3BF05-4346-4AA6-1389-037BE0695223}
	EndGlobalSection
EndGlobal
